
Microsoft Visual Studio Solution File, Format Version 12.00
# Visual Studio 15
VisualStudioVersion = 15.0.28307.1433
MinimumVisualStudioVersion = 10.0.40219.1
Project("{FAE04EC0-301F-11D3-BF4B-00C04F79EFBC}") = "SPF", "SPF\SPF.csproj", "{008628CB-90EB-4194-9B3C-B79BDCC41780}"
EndProject
Project("{54435603-DBB4-11D2-8724-00A0C9A8B90C}") = "Administrador", "Administrador\Administrador.vdproj", "{1C31A11A-01BF-41B3-8775-41E616CFA485}"
EndProject
Global
	GlobalSection(SolutionConfigurationPlatforms) = preSolution
		Debug|Any CPU = Debug|Any CPU
		Release|Any CPU = Release|Any CPU
	EndGlobalSection
	GlobalSection(ProjectConfigurationPlatforms) = postSolution
		{008628CB-90EB-4194-9B3C-B79BDCC41780}.Debug|Any CPU.ActiveCfg = Debug|Any CPU
		{008628CB-90EB-4194-9B3C-B79BDCC41780}.Debug|Any CPU.Build.0 = Debug|Any CPU
		{008628CB-90EB-4194-9B3C-B79BDCC41780}.Release|Any CPU.ActiveCfg = Release|Any CPU
		{008628CB-90EB-4194-9B3C-B79BDCC41780}.Release|Any CPU.Build.0 = Release|Any CPU
		{1C31A11A-01BF-41B3-8775-41E616CFA485}.Debug|Any CPU.ActiveCfg = Debug
		{1C31A11A-01BF-41B3-8775-41E616CFA485}.Release|Any CPU.ActiveCfg = Release
	EndGlobalSection
	GlobalSection(SolutionProperties) = preSolution
		HideSolutionNode = FALSE
	EndGlobalSection
	GlobalSection(ExtensibilityGlobals) = postSolution
		SolutionGuid = {D2E96A86-7759-4C55-A4F5-E29CFE6CA5FA}
	EndGlobalSection
EndGlobal
